<?xml version="1.0" encoding="utf-8"?>
<Project ToolsVersion="17.0" xmlns="http://schemas.microsoft.com/developer/msbuild/2003">
  <ItemGroup>
    <CustomBuild Include="C:\CommonLibF4-BingleCustom\build\CMakeFiles\c937751d8667db6e42697de16630552c\create_artifact.rule">
      <Filter>CMake Rules</Filter>
    </CustomBuild>
    <CustomBuild Include="C:\CommonLibF4-BingleCustom\InteriorMineShuffler\CMakeLists.txt" />
  </ItemGroup>
  <ItemGroup>
    <None Include="C:\CommonLibF4-BingleCustom\InteriorMineShuffler\scripts\archive_artifacts.py">
      <Filter>scripts</Filter>
    </None>
    <None Include="C:\CommonLibF4-BingleCustom\build\InteriorMineShuffler\CMakeFiles\create_artifact" />
  </ItemGroup>
  <ItemGroup>
    <Filter Include="CMake Rules">
      <UniqueIdentifier>{69772817-D6DF-3D45-9059-C6A82AF35803}</UniqueIdentifier>
    </Filter>
    <Filter Include="scripts">
      <UniqueIdentifier>{CCB27B32-C82B-3290-88D8-D68BEE1C311A}</UniqueIdentifier>
    </Filter>
  </ItemGroup>
</Project>
