<?xml version="1.0" encoding="utf-8"?>
<Project ToolsVersion="17.0" xmlns="http://schemas.microsoft.com/developer/msbuild/2003">
  <ItemGroup>
    <CustomBuild Include="C:\CommonLibF4-BingleCustom\build\CMakeFiles\c937751d8667db6e42697de16630552c\INSTALL_force.rule">
      <Filter>CMake Rules</Filter>
    </CustomBuild>
  </ItemGroup>
  <ItemGroup>
    <Filter Include="CMake Rules">
      <UniqueIdentifier>{69772817-D6DF-3D45-9059-C6A82AF35803}</UniqueIdentifier>
    </Filter>
  </ItemGroup>
</Project>
